{
  "version": 4,
  "terraform_version": "1.12.2",
  "serial": 110,
  "lineage": "7419789d-1e4a-9fcf-e690-d60df2cb88c0",
  "outputs": {
    "cloudwatch_log_group_name": {
      "value": "/aws/lambda/sat-boletines-monitor-monitoreo",
      "type": "string"
    },
    "environment_info": {
      "value": {
        "environment": "dev",
        "region": "us-east-1",
        "use_localstack": false
      },
      "type": [
        "object",
        {
          "environment": "string",
          "region": "string",
          "use_localstack": "bool"
        }
      ]
    },
    "lambda_function_arn": {
      "value": "arn:aws:lambda:us-east-1:435614292763:function:sat-boletines-monitor-monitoreo",
      "type": "string"
    },
    "lambda_function_name": {
      "value": "sat-boletines-monitor-monitoreo",
      "type": "string"
    },
    "s3_bucket_arn": {
      "value": "arn:aws:s3:::sat-boletines-monitor-dev-qp5rz56e",
      "type": "string"
    },
    "s3_bucket_name": {
      "value": "sat-boletines-monitor-dev-qp5rz56e",
      "type": "string"
    },
    "schedule_rule_name": {
      "value": "sat-boletines-monitor-schedule",
      "type": "string"
    }
  },
  "resources": [
    {
      "mode": "data",
      "type": "aws_iam_policy_document",
      "name": "lambda_assume",
      "provider": "provider[\"registry.terraform.io/hashicorp/aws\"]",
      "instances": [
        {
          "schema_version": 0,
          "attributes": {
            "id": "3693445097",
            "json": "{\n  \"Version\": \"2012-10-17\",\n  \"Statement\": [\n    {\n      \"Sid\": \"\",\n      \"Effect\": \"Allow\",\n      \"Action\": \"sts:AssumeRole\",\n      \"Principal\": {\n        \"Service\": \"lambda.amazonaws.com\"\n      }\n    }\n  ]\n}",
            "override_json": null,
            "override_policy_documents": null,
            "policy_id": null,
            "source_json": null,
            "source_policy_documents": null,
            "statement": [
              {
                "actions": [
                  "sts:AssumeRole"
                ],
                "condition": [],
                "effect": "Allow",
                "not_actions": [],
                "not_principals": [],
                "not_resources": [],
                "principals": [
                  {
                    "identifiers": [
                      "lambda.amazonaws.com"
                    ],
                    "type": "Service"
                  }
                ],
                "resources": [],
                "sid": ""
              }
            ],
            "version": "2012-10-17"
          },
          "sensitive_attributes": [],
          "identity_schema_version": 0
        }
      ]
    },
    {
      "mode": "managed",
      "type": "aws_cloudwatch_event_rule",
      "name": "lambda_schedule",
      "provider": "provider[\"registry.terraform.io/hashicorp/aws\"]",
      "instances": [
        {
          "schema_version": 0,
          "attributes": {
            "arn": "arn:aws:events:us-east-1:435614292763:rule/sat-boletines-monitor-schedule",
            "description": "Trigger SAT monitoring Lambda",
            "event_bus_name": "default",
            "event_pattern": null,
            "id": "sat-boletines-monitor-schedule",
            "is_enabled": true,
            "name": "sat-boletines-monitor-schedule",
            "name_prefix": "",
            "role_arn": "",
            "schedule_expression": "rate(1 hour)",
            "tags": {
              "Environment": "dev",
              "ManagedBy": "Terraform",
              "Name": "Lambda Schedule Rule",
              "Project": "sat-boletines-monitor",
              "Purpose": "SAT-Web-Scraping"
            },
            "tags_all": {
              "Environment": "dev",
              "ManagedBy": "Terraform",
              "Name": "Lambda Schedule Rule",
              "Project": "sat-boletines-monitor",
              "Purpose": "SAT-Web-Scraping"
            }
          },
          "sensitive_attributes": [],
          "identity_schema_version": 0,
          "private": "bnVsbA=="
        }
      ]
    },
    {
      "mode": "managed",
      "type": "aws_cloudwatch_event_target",
      "name": "lambda_target",
      "provider": "provider[\"registry.terraform.io/hashicorp/aws\"]",
      "instances": [
        {
          "schema_version": 1,
          "attributes": {
            "arn": "arn:aws:lambda:us-east-1:435614292763:function:sat-boletines-monitor-monitoreo",
            "batch_target": [],
            "dead_letter_config": [],
            "ecs_target": [],
            "event_bus_name": "default",
            "http_target": [],
            "id": "sat-boletines-monitor-schedule-lambda-target",
            "input": "",
            "input_path": "",
            "input_transformer": [],
            "kinesis_target": [],
            "redshift_target": [],
            "retry_policy": [],
            "role_arn": "",
            "rule": "sat-boletines-monitor-schedule",
            "run_command_targets": [],
            "sqs_target": [],
            "target_id": "lambda-target"
          },
          "sensitive_attributes": [],
          "identity_schema_version": 0,
          "private": "eyJzY2hlbWFfdmVyc2lvbiI6IjEifQ==",
          "dependencies": [
            "aws_cloudwatch_event_rule.lambda_schedule",
            "aws_cloudwatch_log_group.lambda_logs",
            "aws_iam_role.lambda_role",
            "aws_iam_role_policy.lambda_logs_policy",
            "aws_iam_role_policy.lambda_s3_policy",
            "aws_lambda_function.monitoreo",
            "aws_s3_bucket.boletines",
            "data.aws_iam_policy_document.lambda_assume",
            "random_string.suffix"
          ]
        }
      ]
    },
    {
      "mode": "managed",
      "type": "aws_cloudwatch_log_group",
      "name": "lambda_logs",
      "provider": "provider[\"registry.terraform.io/hashicorp/aws\"]",
      "instances": [
        {
          "schema_version": 0,
          "attributes": {
            "arn": "arn:aws:logs:us-east-1:435614292763:log-group:/aws/lambda/sat-boletines-monitor-monitoreo",
            "id": "/aws/lambda/sat-boletines-monitor-monitoreo",
            "kms_key_id": "",
            "name": "/aws/lambda/sat-boletines-monitor-monitoreo",
            "name_prefix": "",
            "retention_in_days": 14,
            "skip_destroy": false,
            "tags": {
              "Environment": "dev",
              "ManagedBy": "Terraform",
              "Name": "Lambda Logs",
              "Project": "sat-boletines-monitor",
              "Purpose": "SAT-Web-Scraping"
            },
            "tags_all": {
              "Environment": "dev",
              "ManagedBy": "Terraform",
              "Name": "Lambda Logs",
              "Project": "sat-boletines-monitor",
              "Purpose": "SAT-Web-Scraping"
            }
          },
          "sensitive_attributes": [],
          "identity_schema_version": 0,
          "private": "bnVsbA=="
        }
      ]
    },
    {
      "mode": "managed",
      "type": "aws_cloudwatch_metric_alarm",
      "name": "lambda_errors",
      "provider": "provider[\"registry.terraform.io/hashicorp/aws\"]",
      "instances": [
        {
          "index_key": 0,
          "schema_version": 1,
          "attributes": {
            "actions_enabled": true,
            "alarm_actions": null,
            "alarm_description": "This metric monitors lambda errors",
            "alarm_name": "sat-boletines-monitor-lambda-errors",
            "arn": "arn:aws:cloudwatch:us-east-1:435614292763:alarm:sat-boletines-monitor-lambda-errors",
            "comparison_operator": "GreaterThanThreshold",
            "datapoints_to_alarm": 0,
            "dimensions": {
              "FunctionName": "sat-boletines-monitor-monitoreo"
            },
            "evaluate_low_sample_count_percentiles": "",
            "evaluation_periods": 2,
            "extended_statistic": "",
            "id": "sat-boletines-monitor-lambda-errors",
            "insufficient_data_actions": null,
            "metric_name": "Errors",
            "metric_query": [],
            "namespace": "AWS/Lambda",
            "ok_actions": null,
            "period": 300,
            "statistic": "Sum",
            "tags": {
              "Environment": "dev",
              "ManagedBy": "Terraform",
              "Name": "Lambda Error Alarm",
              "Project": "sat-boletines-monitor",
              "Purpose": "SAT-Web-Scraping"
            },
            "tags_all": {
              "Environment": "dev",
              "ManagedBy": "Terraform",
              "Name": "Lambda Error Alarm",
              "Project": "sat-boletines-monitor",
              "Purpose": "SAT-Web-Scraping"
            },
            "threshold": 1,
            "threshold_metric_id": "",
            "treat_missing_data": "missing",
            "unit": ""
          },
          "sensitive_attributes": [],
          "identity_schema_version": 0,
          "private": "eyJzY2hlbWFfdmVyc2lvbiI6IjEifQ==",
          "dependencies": [
            "aws_cloudwatch_log_group.lambda_logs",
            "aws_iam_role.lambda_role",
            "aws_iam_role_policy.lambda_logs_policy",
            "aws_iam_role_policy.lambda_s3_policy",
            "aws_lambda_function.monitoreo",
            "aws_s3_bucket.boletines",
            "data.aws_iam_policy_document.lambda_assume",
            "random_string.suffix"
          ]
        }
      ]
    },
    {
      "mode": "managed",
      "type": "aws_iam_role",
      "name": "lambda_role",
      "provider": "provider[\"registry.terraform.io/hashicorp/aws\"]",
      "instances": [
        {
          "schema_version": 0,
          "attributes": {
            "arn": "arn:aws:iam::435614292763:role/sat-boletines-monitor-lambda-role",
            "assume_role_policy": "{\"Statement\":[{\"Action\":\"sts:AssumeRole\",\"Effect\":\"Allow\",\"Principal\":{\"Service\":\"lambda.amazonaws.com\"},\"Sid\":\"\"}],\"Version\":\"2012-10-17\"}",
            "create_date": "2025-07-16T20:15:17Z",
            "description": "",
            "force_detach_policies": false,
            "id": "sat-boletines-monitor-lambda-role",
            "inline_policy": [],
            "managed_policy_arns": [],
            "max_session_duration": 3600,
            "name": "sat-boletines-monitor-lambda-role",
            "name_prefix": "",
            "path": "/",
            "permissions_boundary": null,
            "role_last_used": [
              {
                "last_used_date": "",
                "region": ""
              }
            ],
            "tags": {
              "Environment": "dev",
              "ManagedBy": "Terraform",
              "Name": "Lambda Execution Role",
              "Project": "sat-boletines-monitor",
              "Purpose": "SAT-Web-Scraping"
            },
            "tags_all": {
              "Environment": "dev",
              "ManagedBy": "Terraform",
              "Name": "Lambda Execution Role",
              "Project": "sat-boletines-monitor",
              "Purpose": "SAT-Web-Scraping"
            },
            "unique_id": "AROAWK3FCTMN2ZJFBZEPB"
          },
          "sensitive_attributes": [],
          "identity_schema_version": 0,
          "private": "bnVsbA==",
          "dependencies": [
            "data.aws_iam_policy_document.lambda_assume"
          ]
        }
      ]
    },
    {
      "mode": "managed",
      "type": "aws_iam_role_policy",
      "name": "lambda_logs_policy",
      "provider": "provider[\"registry.terraform.io/hashicorp/aws\"]",
      "instances": [
        {
          "schema_version": 0,
          "attributes": {
            "id": "sat-boletines-monitor-lambda-role:sat-boletines-monitor-lambda-logs-policy",
            "name": "sat-boletines-monitor-lambda-logs-policy",
            "name_prefix": null,
            "policy": "{\"Version\":\"2012-10-17\",\"Statement\":[{\"Action\":[\"logs:CreateLogGroup\",\"logs:CreateLogStream\",\"logs:PutLogEvents\"],\"Effect\":\"Allow\",\"Resource\":[\"arn:aws:logs:us-east-1:*:log-group:/aws/lambda/sat-boletines-monitor-*\",\"arn:aws:logs:us-east-1:*:log-group:/aws/lambda/sat-boletines-monitor-*:*\"]}]}",
            "role": "sat-boletines-monitor-lambda-role"
          },
          "sensitive_attributes": [],
          "identity_schema_version": 0,
          "private": "bnVsbA==",
          "dependencies": [
            "aws_iam_role.lambda_role",
            "data.aws_iam_policy_document.lambda_assume"
          ]
        }
      ]
    },
    {
      "mode": "managed",
      "type": "aws_iam_role_policy",
      "name": "lambda_s3_policy",
      "provider": "provider[\"registry.terraform.io/hashicorp/aws\"]",
      "instances": [
        {
          "schema_version": 0,
          "attributes": {
            "id": "sat-boletines-monitor-lambda-role:sat-boletines-monitor-lambda-s3-policy",
            "name": "sat-boletines-monitor-lambda-s3-policy",
            "name_prefix": null,
            "policy": "{\"Version\":\"2012-10-17\",\"Statement\":[{\"Action\":[\"s3:PutObject\",\"s3:PutObjectAcl\",\"s3:GetObject\",\"s3:GetObjectVersion\",\"s3:DeleteObject\"],\"Effect\":\"Allow\",\"Resource\":\"arn:aws:s3:::sat-boletines-monitor-dev-qp5rz56e/*\"},{\"Action\":[\"s3:ListBucket\"],\"Effect\":\"Allow\",\"Resource\":\"arn:aws:s3:::sat-boletines-monitor-dev-qp5rz56e\"}]}",
            "role": "sat-boletines-monitor-lambda-role"
          },
          "sensitive_attributes": [],
          "identity_schema_version": 0,
          "private": "bnVsbA==",
          "dependencies": [
            "aws_iam_role.lambda_role",
            "aws_s3_bucket.boletines",
            "data.aws_iam_policy_document.lambda_assume",
            "random_string.suffix"
          ]
        }
      ]
    },
    {
      "mode": "managed",
      "type": "aws_iam_role_policy",
      "name": "lambda_ses_policy",
      "provider": "provider[\"registry.terraform.io/hashicorp/aws\"]",
      "instances": [
        {
          "index_key": 0,
          "schema_version": 0,
          "attributes": {
            "id": "sat-boletines-monitor-lambda-role:sat-boletines-monitor-lambda-ses-policy",
            "name": "sat-boletines-monitor-lambda-ses-policy",
            "name_prefix": null,
            "policy": "{\"Version\":\"2012-10-17\",\"Statement\":[{\"Action\":[\"ses:SendEmail\",\"ses:SendRawEmail\"],\"Effect\":\"Allow\",\"Resource\":\"*\"}]}",
            "role": "sat-boletines-monitor-lambda-role"
          },
          "sensitive_attributes": [],
          "identity_schema_version": 0,
          "private": "bnVsbA==",
          "dependencies": [
            "aws_iam_role.lambda_role",
            "data.aws_iam_policy_document.lambda_assume"
          ]
        }
      ]
    },
    {
      "mode": "managed",
      "type": "aws_lambda_function",
      "name": "monitoreo",
      "provider": "provider[\"registry.terraform.io/hashicorp/aws\"]",
      "instances": [
        {
          "schema_version": 0,
          "attributes": {
            "architectures": [
              "x86_64"
            ],
            "arn": "arn:aws:lambda:us-east-1:435614292763:function:sat-boletines-monitor-monitoreo",
            "code_signing_config_arn": "",
            "dead_letter_config": [],
            "description": "",
            "environment": [
              {
                "variables": {
                  "EMAIL_PASSWORD": "'hxll mgso shmb nof'",
                  "EMAIL_RECIPIENT": "gardunohugo.ganh@gmail.com",
                  "EMAIL_SENDER": "gardunohugo.ganh@gmail.com",
                  "ENVIRONMENT": "dev",
                  "S3_BUCKET": "sat-boletines-monitor-dev-qp5rz56e",
                  "USE_LOCALSTACK": "false"
                }
              }
            ],
            "ephemeral_storage": [
              {
                "size": 512
              }
            ],
            "file_system_config": [],
            "filename": "function.zip",
            "function_name": "sat-boletines-monitor-monitoreo",
            "handler": "lambda_function.lambda_handler",
            "id": "sat-boletines-monitor-monitoreo",
            "image_config": [],
            "image_uri": "",
            "invoke_arn": "arn:aws:apigateway:us-east-1:lambda:path/2015-03-31/functions/arn:aws:lambda:us-east-1:435614292763:function:sat-boletines-monitor-monitoreo/invocations",
            "kms_key_arn": "",
            "last_modified": "2025-07-16T20:15:27.348+0000",
            "layers": null,
            "memory_size": 512,
            "package_type": "Zip",
            "publish": false,
            "qualified_arn": "arn:aws:lambda:us-east-1:435614292763:function:sat-boletines-monitor-monitoreo:$LATEST",
            "qualified_invoke_arn": "arn:aws:apigateway:us-east-1:lambda:path/2015-03-31/functions/arn:aws:lambda:us-east-1:435614292763:function:sat-boletines-monitor-monitoreo:$LATEST/invocations",
            "replace_security_groups_on_destroy": null,
            "replacement_security_group_ids": null,
            "reserved_concurrent_executions": -1,
            "role": "arn:aws:iam::435614292763:role/sat-boletines-monitor-lambda-role",
            "runtime": "python3.9",
            "s3_bucket": null,
            "s3_key": null,
            "s3_object_version": null,
            "signing_job_arn": "",
            "signing_profile_version_arn": "",
            "skip_destroy": false,
            "snap_start": [],
            "source_code_hash": "SHty2yevUYzWzqOuXd45m/CmUIv19aIYTwQyceX9LRI=",
            "source_code_size": 2490924,
            "tags": {
              "Environment": "dev",
              "ManagedBy": "Terraform",
              "Name": "SAT Monitoring Lambda",
              "Project": "sat-boletines-monitor",
              "Purpose": "SAT-Web-Scraping"
            },
            "tags_all": {
              "Environment": "dev",
              "ManagedBy": "Terraform",
              "Name": "SAT Monitoring Lambda",
              "Project": "sat-boletines-monitor",
              "Purpose": "SAT-Web-Scraping"
            },
            "timeout": 300,
            "timeouts": null,
            "tracing_config": [
              {
                "mode": "PassThrough"
              }
            ],
            "version": "$LATEST",
            "vpc_config": []
          },
          "sensitive_attributes": [
            [
              {
                "type": "get_attr",
                "value": "environment"
              },
              {
                "type": "index",
                "value": {
                  "value": 0,
                  "type": "number"
                }
              },
              {
                "type": "get_attr",
                "value": "variables"
              },
              {
                "type": "index",
                "value": {
                  "value": "EMAIL_PASSWORD",
                  "type": "string"
                }
              }
            ]
          ],
          "identity_schema_version": 0,
          "private": "eyJlMmJmYjczMC1lY2FhLTExZTYtOGY4OC0zNDM2M2JjN2M0YzAiOnsiY3JlYXRlIjo2MDAwMDAwMDAwMDAsImRlbGV0ZSI6NjAwMDAwMDAwMDAwLCJ1cGRhdGUiOjYwMDAwMDAwMDAwMH19",
          "dependencies": [
            "aws_cloudwatch_log_group.lambda_logs",
            "aws_iam_role.lambda_role",
            "aws_iam_role_policy.lambda_logs_policy",
            "aws_iam_role_policy.lambda_s3_policy",
            "aws_s3_bucket.boletines",
            "data.aws_iam_policy_document.lambda_assume",
            "random_string.suffix"
          ]
        }
      ]
    },
    {
      "mode": "managed",
      "type": "aws_lambda_permission",
      "name": "allow_cloudwatch",
      "provider": "provider[\"registry.terraform.io/hashicorp/aws\"]",
      "instances": [
        {
          "schema_version": 0,
          "attributes": {
            "action": "lambda:InvokeFunction",
            "event_source_token": null,
            "function_name": "sat-boletines-monitor-monitoreo",
            "function_url_auth_type": null,
            "id": "AllowExecutionFromCloudWatch",
            "principal": "events.amazonaws.com",
            "principal_org_id": null,
            "qualifier": "",
            "source_account": null,
            "source_arn": "arn:aws:events:us-east-1:435614292763:rule/sat-boletines-monitor-schedule",
            "statement_id": "AllowExecutionFromCloudWatch",
            "statement_id_prefix": ""
          },
          "sensitive_attributes": [],
          "identity_schema_version": 0,
          "private": "bnVsbA==",
          "dependencies": [
            "aws_cloudwatch_event_rule.lambda_schedule",
            "aws_cloudwatch_log_group.lambda_logs",
            "aws_iam_role.lambda_role",
            "aws_iam_role_policy.lambda_logs_policy",
            "aws_iam_role_policy.lambda_s3_policy",
            "aws_lambda_function.monitoreo",
            "aws_s3_bucket.boletines",
            "data.aws_iam_policy_document.lambda_assume",
            "random_string.suffix"
          ]
        }
      ]
    },
    {
      "mode": "managed",
      "type": "aws_s3_bucket",
      "name": "boletines",
      "provider": "provider[\"registry.terraform.io/hashicorp/aws\"]",
      "instances": [
        {
          "schema_version": 0,
          "attributes": {
            "acceleration_status": "",
            "acl": null,
            "arn": "arn:aws:s3:::sat-boletines-monitor-dev-qp5rz56e",
            "bucket": "sat-boletines-monitor-dev-qp5rz56e",
            "bucket_domain_name": "sat-boletines-monitor-dev-qp5rz56e.s3.amazonaws.com",
            "bucket_prefix": "",
            "bucket_regional_domain_name": "sat-boletines-monitor-dev-qp5rz56e.s3.amazonaws.com",
            "cors_rule": [],
            "force_destroy": true,
            "grant": [
              {
                "id": "e1c53e7b4de847dc4ef3fedfa6829353f9f0904eef1cdcc6599d12c8a2322448",
                "permissions": [
                  "FULL_CONTROL"
                ],
                "type": "CanonicalUser",
                "uri": ""
              }
            ],
            "hosted_zone_id": "Z3AQBSTGFYJSTF",
            "id": "sat-boletines-monitor-dev-qp5rz56e",
            "lifecycle_rule": [],
            "logging": [],
            "object_lock_configuration": [],
            "object_lock_enabled": false,
            "policy": "",
            "region": "us-east-1",
            "replication_configuration": [],
            "request_payer": "BucketOwner",
            "server_side_encryption_configuration": [
              {
                "rule": [
                  {
                    "apply_server_side_encryption_by_default": [
                      {
                        "kms_master_key_id": "",
                        "sse_algorithm": "AES256"
                      }
                    ],
                    "bucket_key_enabled": false
                  }
                ]
              }
            ],
            "tags": {
              "Environment": "dev",
              "ManagedBy": "Terraform",
              "Name": "Boletines SAT Storage",
              "Project": "sat-boletines-monitor",
              "Purpose": "SAT-Web-Scraping"
            },
            "tags_all": {
              "Environment": "dev",
              "ManagedBy": "Terraform",
              "Name": "Boletines SAT Storage",
              "Project": "sat-boletines-monitor",
              "Purpose": "SAT-Web-Scraping"
            },
            "timeouts": null,
            "versioning": [
              {
                "enabled": false,
                "mfa_delete": false
              }
            ],
            "website": [],
            "website_domain": null,
            "website_endpoint": null
          },
          "sensitive_attributes": [],
          "identity_schema_version": 0,
          "private": "eyJlMmJmYjczMC1lY2FhLTExZTYtOGY4OC0zNDM2M2JjN2M0YzAiOnsiY3JlYXRlIjoxMjAwMDAwMDAwMDAwLCJkZWxldGUiOjM2MDAwMDAwMDAwMDAsInJlYWQiOjEyMDAwMDAwMDAwMDAsInVwZGF0ZSI6MTIwMDAwMDAwMDAwMH19",
          "dependencies": [
            "random_string.suffix"
          ]
        }
      ]
    },
    {
      "mode": "managed",
      "type": "aws_s3_bucket_acl",
      "name": "boletines",
      "provider": "provider[\"registry.terraform.io/hashicorp/aws\"]",
      "instances": [
        {
          "index_key": 0,
          "schema_version": 0,
          "attributes": {
            "access_control_policy": [
              {
                "grant": [
                  {
                    "grantee": [
                      {
                        "display_name": "gardunohugo.ganh",
                        "email_address": "",
                        "id": "e1c53e7b4de847dc4ef3fedfa6829353f9f0904eef1cdcc6599d12c8a2322448",
                        "type": "CanonicalUser",
                        "uri": ""
                      }
                    ],
                    "permission": "FULL_CONTROL"
                  }
                ],
                "owner": [
                  {
                    "display_name": "gardunohugo.ganh",
                    "id": "e1c53e7b4de847dc4ef3fedfa6829353f9f0904eef1cdcc6599d12c8a2322448"
                  }
                ]
              }
            ],
            "acl": "private",
            "bucket": "sat-boletines-monitor-dev-qp5rz56e",
            "expected_bucket_owner": "",
            "id": "sat-boletines-monitor-dev-qp5rz56e,private"
          },
          "sensitive_attributes": [],
          "identity_schema_version": 0,
          "private": "bnVsbA==",
          "dependencies": [
            "aws_s3_bucket.boletines",
            "aws_s3_bucket_ownership_controls.boletines",
            "random_string.suffix"
          ]
        }
      ]
    },
    {
      "mode": "managed",
      "type": "aws_s3_bucket_lifecycle_configuration",
      "name": "boletines",
      "provider": "provider[\"registry.terraform.io/hashicorp/aws\"]",
      "instances": [
        {
          "index_key": 0,
          "schema_version": 0,
          "attributes": {
            "bucket": "sat-boletines-monitor-dev-qp5rz56e",
            "expected_bucket_owner": "",
            "id": "sat-boletines-monitor-dev-qp5rz56e",
            "rule": [
              {
                "abort_incomplete_multipart_upload": [
                  {
                    "days_after_initiation": 7
                  }
                ],
                "expiration": [],
                "filter": [
                  {
                    "and": [],
                    "object_size_greater_than": "",
                    "object_size_less_than": "",
                    "prefix": "",
                    "tag": []
                  }
                ],
                "id": "old_versions_cleanup",
                "noncurrent_version_expiration": [
                  {
                    "newer_noncurrent_versions": "",
                    "noncurrent_days": 30
                  }
                ],
                "noncurrent_version_transition": [],
                "prefix": "",
                "status": "Enabled",
                "transition": []
              }
            ]
          },
          "sensitive_attributes": [],
          "identity_schema_version": 0,
          "private": "bnVsbA==",
          "dependencies": [
            "aws_s3_bucket.boletines",
            "random_string.suffix"
          ]
        }
      ]
    },
    {
      "mode": "managed",
      "type": "aws_s3_bucket_ownership_controls",
      "name": "boletines",
      "provider": "provider[\"registry.terraform.io/hashicorp/aws\"]",
      "instances": [
        {
          "index_key": 0,
          "schema_version": 0,
          "attributes": {
            "bucket": "sat-boletines-monitor-dev-qp5rz56e",
            "id": "sat-boletines-monitor-dev-qp5rz56e",
            "rule": [
              {
                "object_ownership": "BucketOwnerPreferred"
              }
            ]
          },
          "sensitive_attributes": [],
          "identity_schema_version": 0,
          "private": "bnVsbA==",
          "dependencies": [
            "aws_s3_bucket.boletines",
            "random_string.suffix"
          ]
        }
      ]
    },
    {
      "mode": "managed",
      "type": "aws_s3_bucket_public_access_block",
      "name": "boletines",
      "provider": "provider[\"registry.terraform.io/hashicorp/aws\"]",
      "instances": [
        {
          "index_key": 0,
          "schema_version": 0,
          "attributes": {
            "block_public_acls": true,
            "block_public_policy": true,
            "bucket": "sat-boletines-monitor-dev-qp5rz56e",
            "id": "sat-boletines-monitor-dev-qp5rz56e",
            "ignore_public_acls": true,
            "restrict_public_buckets": true
          },
          "sensitive_attributes": [],
          "identity_schema_version": 0,
          "private": "bnVsbA==",
          "dependencies": [
            "aws_s3_bucket.boletines",
            "random_string.suffix"
          ]
        }
      ]
    },
    {
      "mode": "managed",
      "type": "aws_s3_bucket_server_side_encryption_configuration",
      "name": "boletines",
      "provider": "provider[\"registry.terraform.io/hashicorp/aws\"]",
      "instances": [
        {
          "index_key": 0,
          "schema_version": 0,
          "attributes": {
            "bucket": "sat-boletines-monitor-dev-qp5rz56e",
            "expected_bucket_owner": "",
            "id": "sat-boletines-monitor-dev-qp5rz56e",
            "rule": [
              {
                "apply_server_side_encryption_by_default": [
                  {
                    "kms_master_key_id": "",
                    "sse_algorithm": "AES256"
                  }
                ],
                "bucket_key_enabled": true
              }
            ]
          },
          "sensitive_attributes": [],
          "identity_schema_version": 0,
          "private": "bnVsbA==",
          "dependencies": [
            "aws_s3_bucket.boletines",
            "random_string.suffix"
          ]
        }
      ]
    },
    {
      "mode": "managed",
      "type": "aws_s3_bucket_versioning",
      "name": "boletines",
      "provider": "provider[\"registry.terraform.io/hashicorp/aws\"]",
      "instances": [
        {
          "schema_version": 0,
          "attributes": {
            "bucket": "sat-boletines-monitor-dev-qp5rz56e",
            "expected_bucket_owner": "",
            "id": "sat-boletines-monitor-dev-qp5rz56e",
            "mfa": null,
            "versioning_configuration": [
              {
                "mfa_delete": "",
                "status": "Enabled"
              }
            ]
          },
          "sensitive_attributes": [],
          "identity_schema_version": 0,
          "private": "bnVsbA==",
          "dependencies": [
            "aws_s3_bucket.boletines",
            "random_string.suffix"
          ]
        }
      ]
    },
    {
      "mode": "managed",
      "type": "random_string",
      "name": "suffix",
      "provider": "provider[\"registry.terraform.io/hashicorp/random\"]",
      "instances": [
        {
          "schema_version": 2,
          "attributes": {
            "id": "qp5rz56e",
            "keepers": null,
            "length": 8,
            "lower": true,
            "min_lower": 0,
            "min_numeric": 0,
            "min_special": 0,
            "min_upper": 0,
            "number": true,
            "numeric": true,
            "override_special": null,
            "result": "qp5rz56e",
            "special": false,
            "upper": false
          },
          "sensitive_attributes": [],
          "identity_schema_version": 0
        }
      ]
    }
  ],
  "check_results": null
}
